{
  "name": "@lsp-trace/source-constrained-synthetic-provider",
  "version": "1.0.0-provisional",
  "lockfileVersion": 3,
  "requires": true,
  "packages": {
    "": {
      "name": "@lsp-trace/source-constrained-synthetic-provider",
      "version": "1.0.0-provisional",
      "bin": {
        "source-constrained-synthetic-provider": "bin/provider.mjs"
      },
      "engines": {
        "node": ">=20"
      }
    }
  }
}
